
Microsoft Visual Studio Solution File, Format Version 12.00
# Visual Studio 2013
VisualStudioVersion = 12.0.31101.0
MinimumVisualStudioVersion = 10.0.40219.1
Project("{FAE04EC0-301F-11D3-BF4B-00C04F79EFBC}") = "WalkingGame.Droid", "WalkingGame.Android\WalkingGame.Droid.csproj", "{15E62ED2-57FE-436D-8D3C-A46A02A452D5}"
EndProject
Project("{FAE04EC0-301F-11D3-BF4B-00C04F79EFBC}") = "WalkingGame", "WalkingGame\WalkingGame.csproj", "{D7E695AA-5ABC-408F-8DD2-9A691B5C7955}"
EndProject
Global
	GlobalSection(SolutionConfigurationPlatforms) = preSolution
		Debug|Any CPU = Debug|Any CPU
		Release|Any CPU = Release|Any CPU
	EndGlobalSection
	GlobalSection(ProjectConfigurationPlatforms) = postSolution
		{15E62ED2-57FE-436D-8D3C-A46A02A452D5}.Debug|Any CPU.ActiveCfg = Debug|Any CPU
		{15E62ED2-57FE-436D-8D3C-A46A02A452D5}.Debug|Any CPU.Build.0 = Debug|Any CPU
		{15E62ED2-57FE-436D-8D3C-A46A02A452D5}.Debug|Any CPU.Deploy.0 = Debug|Any CPU
		{15E62ED2-57FE-436D-8D3C-A46A02A452D5}.Release|Any CPU.ActiveCfg = Release|Any CPU
		{15E62ED2-57FE-436D-8D3C-A46A02A452D5}.Release|Any CPU.Build.0 = Release|Any CPU
		{15E62ED2-57FE-436D-8D3C-A46A02A452D5}.Release|Any CPU.Deploy.0 = Release|Any CPU
		{D7E695AA-5ABC-408F-8DD2-9A691B5C7955}.Debug|Any CPU.ActiveCfg = Debug|Any CPU
		{D7E695AA-5ABC-408F-8DD2-9A691B5C7955}.Debug|Any CPU.Build.0 = Debug|Any CPU
		{D7E695AA-5ABC-408F-8DD2-9A691B5C7955}.Release|Any CPU.ActiveCfg = Release|Any CPU
		{D7E695AA-5ABC-408F-8DD2-9A691B5C7955}.Release|Any CPU.Build.0 = Release|Any CPU
	EndGlobalSection
	GlobalSection(SolutionProperties) = preSolution
		HideSolutionNode = FALSE
	EndGlobalSection
EndGlobal
